
Microsoft Visual Studio Solution File, Format Version 12.00
# Visual Studio 2013
VisualStudioVersion = 12.0.21005.1
MinimumVisualStudioVersion = 10.0.40219.1
Project("{FAE04EC0-301F-11D3-BF4B-00C04F79EFBC}") = "BancaInternet", "BancaInternet\BancaInternet.csproj", "{D8466290-2EEB-4418-B131-02B266C40E85}"
EndProject
Project("{FAE04EC0-301F-11D3-BF4B-00C04F79EFBC}") = "BancaInternet.EN", "BancaInternet.EN\BancaInternet.EN.csproj", "{C6924D4E-6CB3-4E85-9572-E844C975E0E4}"
EndProject
Project("{FAE04EC0-301F-11D3-BF4B-00C04F79EFBC}") = "BancaInternet.UTL", "BancaInternet.UTL\BancaInternet.UTL.csproj", "{8E2D7F3A-5B45-4688-B605-DE9DDDC337DD}"
EndProject
Global
	GlobalSection(TeamFoundationVersionControl) = preSolution
		SccNumberOfProjects = 4
		SccEnterpriseProvider = {4CA58AB2-18FA-4F8D-95D4-32DDF27D184C}
		SccTeamFoundationServer = http://tfundation:8080/tfs/defaultcollection
		SccLocalPath0 = .
		SccProjectUniqueName1 = BancaInternet\\BancaInternet.csproj
		SccProjectName1 = BancaInternet
		SccLocalPath1 = BancaInternet
		SccProjectUniqueName2 = BancaInternet.EN\\BancaInternet.EN.csproj
		SccProjectName2 = BancaInternet.EN
		SccLocalPath2 = BancaInternet.EN
		SccProjectUniqueName3 = BancaInternet.UTL\\BancaInternet.UTL.csproj
		SccProjectName3 = BancaInternet.UTL
		SccLocalPath3 = BancaInternet.UTL
	EndGlobalSection
	GlobalSection(SolutionConfigurationPlatforms) = preSolution
		Debug|Any CPU = Debug|Any CPU
		Release|Any CPU = Release|Any CPU
	EndGlobalSection
	GlobalSection(ProjectConfigurationPlatforms) = postSolution
		{D8466290-2EEB-4418-B131-02B266C40E85}.Debug|Any CPU.ActiveCfg = Debug|Any CPU
		{D8466290-2EEB-4418-B131-02B266C40E85}.Debug|Any CPU.Build.0 = Debug|Any CPU
		{D8466290-2EEB-4418-B131-02B266C40E85}.Release|Any CPU.ActiveCfg = Release|Any CPU
		{D8466290-2EEB-4418-B131-02B266C40E85}.Release|Any CPU.Build.0 = Release|Any CPU
		{C6924D4E-6CB3-4E85-9572-E844C975E0E4}.Debug|Any CPU.ActiveCfg = Debug|Any CPU
		{C6924D4E-6CB3-4E85-9572-E844C975E0E4}.Debug|Any CPU.Build.0 = Debug|Any CPU
		{C6924D4E-6CB3-4E85-9572-E844C975E0E4}.Release|Any CPU.ActiveCfg = Release|Any CPU
		{C6924D4E-6CB3-4E85-9572-E844C975E0E4}.Release|Any CPU.Build.0 = Release|Any CPU
		{8E2D7F3A-5B45-4688-B605-DE9DDDC337DD}.Debug|Any CPU.ActiveCfg = Debug|Any CPU
		{8E2D7F3A-5B45-4688-B605-DE9DDDC337DD}.Debug|Any CPU.Build.0 = Debug|Any CPU
		{8E2D7F3A-5B45-4688-B605-DE9DDDC337DD}.Release|Any CPU.ActiveCfg = Release|Any CPU
		{8E2D7F3A-5B45-4688-B605-DE9DDDC337DD}.Release|Any CPU.Build.0 = Release|Any CPU
	EndGlobalSection
	GlobalSection(SolutionProperties) = preSolution
		HideSolutionNode = FALSE
	EndGlobalSection
EndGlobal
